// !$*UTF8*$!
{
	archiveVersion = 1;
	classes = {
	};
	objectVersion = 50;
	objects = {

/* Begin PBXBuildFile section */
		DFA5148625CFDB8F00C2B3B9 /* AppDelegate.swift in Sources */ = {isa = PBXBuildFile; fileRef = DFA5148525CFDB8F00C2B3B9 /* AppDelegate.swift */; };
		DFA5148A25CFDB8F00C2B3B9 /* ViewController.swift in Sources */ = {isa = PBXBuildFile; fileRef = DFA5148925CFDB8F00C2B3B9 /* ViewController.swift */; };
		DFA5148D25CFDB8F00C2B3B9 /* Main.storyboard in Resources */ = {isa = PBXBuildFile; fileRef = DFA5148B25CFDB8F00C2B3B9 /* Main.storyboard */; };
		DFA5148F25CFDB9000C2B3B9 /* Assets.xcassets in Resources */ = {isa = PBXBuildFile; fileRef = DFA5148E25CFDB9000C2B3B9 /* Assets.xcassets */; };
		DFA5149225CFDB9000C2B3B9 /* LaunchScreen.storyboard in Resources */ = {isa = PBXBuildFile; fileRef = DFA5149025CFDB9000C2B3B9 /* LaunchScreen.storyboard */; };
		DFA5149D25CFDB9000C2B3B9 /* WKWebViewUseTests.swift in Sources */ = {isa = PBXBuildFile; fileRef = DFA5149C25CFDB9000C2B3B9 /* WKWebViewUseTests.swift */; };
		DFA514A825CFDB9000C2B3B9 /* WKWebViewUseUITests.swift in Sources */ = {isa = PBXBuildFile; fileRef = DFA514A725CFDB9000C2B3B9 /* WKWebViewUseUITests.swift */; };
		DFA514C525CFDD5600C2B3B9 /* ZJRootViewController.swift in Sources */ = {isa = PBXBuildFile; fileRef = DFA514C325CFDD5600C2B3B9 /* ZJRootViewController.swift */; };
		DFA514C625CFDD5600C2B3B9 /* ZJRootViewController.xib in Resources */ = {isa = PBXBuildFile; fileRef = DFA514C425CFDD5600C2B3B9 /* ZJRootViewController.xib */; };
		DFA514CF25CFDE3200C2B3B9 /* ZJWKWebViewController.swift in Sources */ = {isa = PBXBuildFile; fileRef = DFA514CD25CFDE3200C2B3B9 /* ZJWKWebViewController.swift */; };
		DFA514D025CFDE3200C2B3B9 /* ZJWKWebViewController.xib in Resources */ = {isa = PBXBuildFile; fileRef = DFA514CE25CFDE3200C2B3B9 /* ZJWKWebViewController.xib */; };
		DFA514D625CFE2F300C2B3B9 /* ZJJSBridgeHandler.swift in Sources */ = {isa = PBXBuildFile; fileRef = DFA514D525CFE2F300C2B3B9 /* ZJJSBridgeHandler.swift */; };
		DFA514DE25CFE34C00C2B3B9 /* ZJJSBridgeHandlerProtocol.swift in Sources */ = {isa = PBXBuildFile; fileRef = DFA514DD25CFE34C00C2B3B9 /* ZJJSBridgeHandlerProtocol.swift */; };
		DFA514E325CFE8F800C2B3B9 /* WKWebView.html in Resources */ = {isa = PBXBuildFile; fileRef = DFA514E225CFE8F800C2B3B9 /* WKWebView.html */; };
/* End PBXBuildFile section */

/* Begin PBXContainerItemProxy section */
		DFA5149925CFDB9000C2B3B9 /* PBXContainerItemProxy */ = {
			isa = PBXContainerItemProxy;
			containerPortal = DFA5147A25CFDB8F00C2B3B9 /* Project object */;
			proxyType = 1;
			remoteGlobalIDString = DFA5148125CFDB8F00C2B3B9;
			remoteInfo = WKWebViewUse;
		};
		DFA514A425CFDB9000C2B3B9 /* PBXContainerItemProxy */ = {
			isa = PBXContainerItemProxy;
			containerPortal = DFA5147A25CFDB8F00C2B3B9 /* Project object */;
			proxyType = 1;
			remoteGlobalIDString = DFA5148125CFDB8F00C2B3B9;
			remoteInfo = WKWebViewUse;
		};
/* End PBXContainerItemProxy section */

/* Begin PBXFileReference section */
		DFA5148225CFDB8F00C2B3B9 /* WKWebViewUse.app */ = {isa = PBXFileReference; explicitFileType = wrapper.application; includeInIndex = 0; path = WKWebViewUse.app; sourceTree = BUILT_PRODUCTS_DIR; };
		DFA5148525CFDB8F00C2B3B9 /* AppDelegate.swift */ = {isa = PBXFileReference; lastKnownFileType = sourcecode.swift; path = AppDelegate.swift; sourceTree = "<group>"; };
		DFA5148925CFDB8F00C2B3B9 /* ViewController.swift */ = {isa = PBXFileReference; lastKnownFileType = sourcecode.swift; path = ViewController.swift; sourceTree = "<group>"; };
		DFA5148C25CFDB8F00C2B3B9 /* Base */ = {isa = PBXFileReference; lastKnownFileType = file.storyboard; name = Base; path = Base.lproj/Main.storyboard; sourceTree = "<group>"; };
		DFA5148E25CFDB9000C2B3B9 /* Assets.xcassets */ = {isa = PBXFileReference; lastKnownFileType = folder.assetcatalog; path = Assets.xcassets; sourceTree = "<group>"; };
		DFA5149125CFDB9000C2B3B9 /* Base */ = {isa = PBXFileReference; lastKnownFileType = file.storyboard; name = Base; path = Base.lproj/LaunchScreen.storyboard; sourceTree = "<group>"; };
		DFA5149325CFDB9000C2B3B9 /* Info.plist */ = {isa = PBXFileReference; lastKnownFileType = text.plist.xml; path = Info.plist; sourceTree = "<group>"; };
		DFA5149825CFDB9000C2B3B9 /* WKWebViewUseTests.xctest */ = {isa = PBXFileReference; explicitFileType = wrapper.cfbundle; includeInIndex = 0; path = WKWebViewUseTests.xctest; sourceTree = BUILT_PRODUCTS_DIR; };
		DFA5149C25CFDB9000C2B3B9 /* WKWebViewUseTests.swift */ = {isa = PBXFileReference; lastKnownFileType = sourcecode.swift; path = WKWebViewUseTests.swift; sourceTree = "<group>"; };
		DFA5149E25CFDB9000C2B3B9 /* Info.plist */ = {isa = PBXFileReference; lastKnownFileType = text.plist.xml; path = Info.plist; sourceTree = "<group>"; };
		DFA514A325CFDB9000C2B3B9 /* WKWebViewUseUITests.xctest */ = {isa = PBXFileReference; explicitFileType = wrapper.cfbundle; includeInIndex = 0; path = WKWebViewUseUITests.xctest; sourceTree = BUILT_PRODUCTS_DIR; };
		DFA514A725CFDB9000C2B3B9 /* WKWebViewUseUITests.swift */ = {isa = PBXFileReference; lastKnownFileType = sourcecode.swift; path = WKWebViewUseUITests.swift; sourceTree = "<group>"; };
		DFA514A925CFDB9000C2B3B9 /* Info.plist */ = {isa = PBXFileReference; lastKnownFileType = text.plist.xml; path = Info.plist; sourceTree = "<group>"; };
		DFA514C325CFDD5600C2B3B9 /* ZJRootViewController.swift */ = {isa = PBXFileReference; lastKnownFileType = sourcecode.swift; path = ZJRootViewController.swift; sourceTree = "<group>"; };
		DFA514C425CFDD5600C2B3B9 /* ZJRootViewController.xib */ = {isa = PBXFileReference; lastKnownFileType = file.xib; path = ZJRootViewController.xib; sourceTree = "<group>"; };
		DFA514CD25CFDE3200C2B3B9 /* ZJWKWebViewController.swift */ = {isa = PBXFileReference; lastKnownFileType = sourcecode.swift; path = ZJWKWebViewController.swift; sourceTree = "<group>"; };
		DFA514CE25CFDE3200C2B3B9 /* ZJWKWebViewController.xib */ = {isa = PBXFileReference; lastKnownFileType = file.xib; path = ZJWKWebViewController.xib; sourceTree = "<group>"; };
		DFA514D525CFE2F300C2B3B9 /* ZJJSBridgeHandler.swift */ = {isa = PBXFileReference; lastKnownFileType = sourcecode.swift; path = ZJJSBridgeHandler.swift; sourceTree = "<group>"; };
		DFA514DD25CFE34C00C2B3B9 /* ZJJSBridgeHandlerProtocol.swift */ = {isa = PBXFileReference; lastKnownFileType = sourcecode.swift; path = ZJJSBridgeHandlerProtocol.swift; sourceTree = "<group>"; };
		DFA514E225CFE8F800C2B3B9 /* WKWebView.html */ = {isa = PBXFileReference; fileEncoding = 4; lastKnownFileType = text.html; path = WKWebView.html; sourceTree = "<group>"; };
/* End PBXFileReference section */

/* Begin PBXFrameworksBuildPhase section */
		DFA5147F25CFDB8F00C2B3B9 /* Frameworks */ = {
			isa = PBXFrameworksBuildPhase;
			buildActionMask = 2147483647;
			files = (
			);
			runOnlyForDeploymentPostprocessing = 0;
		};
		DFA5149525CFDB9000C2B3B9 /* Frameworks */ = {
			isa = PBXFrameworksBuildPhase;
			buildActionMask = 2147483647;
			files = (
			);
			runOnlyForDeploymentPostprocessing = 0;
		};
		DFA514A025CFDB9000C2B3B9 /* Frameworks */ = {
			isa = PBXFrameworksBuildPhase;
			buildActionMask = 2147483647;
			files = (
			);
			runOnlyForDeploymentPostprocessing = 0;
		};
/* End PBXFrameworksBuildPhase section */

/* Begin PBXGroup section */
		DFA5147925CFDB8F00C2B3B9 = {
			isa = PBXGroup;
			children = (
				DFA5148425CFDB8F00C2B3B9 /* WKWebViewUse */,
				DFA5149B25CFDB9000C2B3B9 /* WKWebViewUseTests */,
				DFA514A625CFDB9000C2B3B9 /* WKWebViewUseUITests */,
				DFA5148325CFDB8F00C2B3B9 /* Products */,
			);
			sourceTree = "<group>";
		};
		DFA5148325CFDB8F00C2B3B9 /* Products */ = {
			isa = PBXGroup;
			children = (
				DFA5148225CFDB8F00C2B3B9 /* WKWebViewUse.app */,
				DFA5149825CFDB9000C2B3B9 /* WKWebViewUseTests.xctest */,
				DFA514A325CFDB9000C2B3B9 /* WKWebViewUseUITests.xctest */,
			);
			name = Products;
			sourceTree = "<group>";
		};
		DFA5148425CFDB8F00C2B3B9 /* WKWebViewUse */ = {
			isa = PBXGroup;
			children = (
				DFA514D425CFE2C800C2B3B9 /* WebViewBridge */,
				DFA5148525CFDB8F00C2B3B9 /* AppDelegate.swift */,
				DFA5148925CFDB8F00C2B3B9 /* ViewController.swift */,
				DFA514CD25CFDE3200C2B3B9 /* ZJWKWebViewController.swift */,
				DFA514CE25CFDE3200C2B3B9 /* ZJWKWebViewController.xib */,
				DFA5148B25CFDB8F00C2B3B9 /* Main.storyboard */,
				DFA5148E25CFDB9000C2B3B9 /* Assets.xcassets */,
				DFA5149025CFDB9000C2B3B9 /* LaunchScreen.storyboard */,
				DFA5149325CFDB9000C2B3B9 /* Info.plist */,
				DFA514C325CFDD5600C2B3B9 /* ZJRootViewController.swift */,
				DFA514C425CFDD5600C2B3B9 /* ZJRootViewController.xib */,
			);
			path = WKWebViewUse;
			sourceTree = "<group>";
		};
		DFA5149B25CFDB9000C2B3B9 /* WKWebViewUseTests */ = {
			isa = PBXGroup;
			children = (
				DFA5149C25CFDB9000C2B3B9 /* WKWebViewUseTests.swift */,
				DFA5149E25CFDB9000C2B3B9 /* Info.plist */,
			);
			path = WKWebViewUseTests;
			sourceTree = "<group>";
		};
		DFA514A625CFDB9000C2B3B9 /* WKWebViewUseUITests */ = {
			isa = PBXGroup;
			children = (
				DFA514A725CFDB9000C2B3B9 /* WKWebViewUseUITests.swift */,
				DFA514A925CFDB9000C2B3B9 /* Info.plist */,
			);
			path = WKWebViewUseUITests;
			sourceTree = "<group>";
		};
		DFA514D425CFE2C800C2B3B9 /* WebViewBridge */ = {
			isa = PBXGroup;
			children = (
				DFA514E225CFE8F800C2B3B9 /* WKWebView.html */,
				DFA514D525CFE2F300C2B3B9 /* ZJJSBridgeHandler.swift */,
				DFA514DD25CFE34C00C2B3B9 /* ZJJSBridgeHandlerProtocol.swift */,
			);
			path = WebViewBridge;
			sourceTree = "<group>";
		};
/* End PBXGroup section */

/* Begin PBXNativeTarget section */
		DFA5148125CFDB8F00C2B3B9 /* WKWebViewUse */ = {
			isa = PBXNativeTarget;
			buildConfigurationList = DFA514AC25CFDB9000C2B3B9 /* Build configuration list for PBXNativeTarget "WKWebViewUse" */;
			buildPhases = (
				DFA5147E25CFDB8F00C2B3B9 /* Sources */,
				DFA5147F25CFDB8F00C2B3B9 /* Frameworks */,
				DFA5148025CFDB8F00C2B3B9 /* Resources */,
			);
			buildRules = (
			);
			dependencies = (
			);
			name = WKWebViewUse;
			productName = WKWebViewUse;
			productReference = DFA5148225CFDB8F00C2B3B9 /* WKWebViewUse.app */;
			productType = "com.apple.product-type.application";
		};
		DFA5149725CFDB9000C2B3B9 /* WKWebViewUseTests */ = {
			isa = PBXNativeTarget;
			buildConfigurationList = DFA514AF25CFDB9000C2B3B9 /* Build configuration list for PBXNativeTarget "WKWebViewUseTests" */;
			buildPhases = (
				DFA5149425CFDB9000C2B3B9 /* Sources */,
				DFA5149525CFDB9000C2B3B9 /* Frameworks */,
				DFA5149625CFDB9000C2B3B9 /* Resources */,
			);
			buildRules = (
			);
			dependencies = (
				DFA5149A25CFDB9000C2B3B9 /* PBXTargetDependency */,
			);
			name = WKWebViewUseTests;
			productName = WKWebViewUseTests;
			productReference = DFA5149825CFDB9000C2B3B9 /* WKWebViewUseTests.xctest */;
			productType = "com.apple.product-type.bundle.unit-test";
		};
		DFA514A225CFDB9000C2B3B9 /* WKWebViewUseUITests */ = {
			isa = PBXNativeTarget;
			buildConfigurationList = DFA514B225CFDB9000C2B3B9 /* Build configuration list for PBXNativeTarget "WKWebViewUseUITests" */;
			buildPhases = (
				DFA5149F25CFDB9000C2B3B9 /* Sources */,
				DFA514A025CFDB9000C2B3B9 /* Frameworks */,
				DFA514A125CFDB9000C2B3B9 /* Resources */,
			);
			buildRules = (
			);
			dependencies = (
				DFA514A525CFDB9000C2B3B9 /* PBXTargetDependency */,
			);
			name = WKWebViewUseUITests;
			productName = WKWebViewUseUITests;
			productReference = DFA514A325CFDB9000C2B3B9 /* WKWebViewUseUITests.xctest */;
			productType = "com.apple.product-type.bundle.ui-testing";
		};
/* End PBXNativeTarget section */

/* Begin PBXProject section */
		DFA5147A25CFDB8F00C2B3B9 /* Project object */ = {
			isa = PBXProject;
			attributes = {
				LastSwiftUpdateCheck = 1220;
				LastUpgradeCheck = 1220;
				TargetAttributes = {
					DFA5148125CFDB8F00C2B3B9 = {
						CreatedOnToolsVersion = 12.2;
					};
					DFA5149725CFDB9000C2B3B9 = {
						CreatedOnToolsVersion = 12.2;
						TestTargetID = DFA5148125CFDB8F00C2B3B9;
					};
					DFA514A225CFDB9000C2B3B9 = {
						CreatedOnToolsVersion = 12.2;
						TestTargetID = DFA5148125CFDB8F00C2B3B9;
					};
				};
			};
			buildConfigurationList = DFA5147D25CFDB8F00C2B3B9 /* Build configuration list for PBXProject "WKWebViewUse" */;
			compatibilityVersion = "Xcode 9.3";
			developmentRegion = en;
			hasScannedForEncodings = 0;
			knownRegions = (
				en,
				Base,
			);
			mainGroup = DFA5147925CFDB8F00C2B3B9;
			productRefGroup = DFA5148325CFDB8F00C2B3B9 /* Products */;
			projectDirPath = "";
			projectRoot = "";
			targets = (
				DFA5148125CFDB8F00C2B3B9 /* WKWebViewUse */,
				DFA5149725CFDB9000C2B3B9 /* WKWebViewUseTests */,
				DFA514A225CFDB9000C2B3B9 /* WKWebViewUseUITests */,
			);
		};
/* End PBXProject section */

/* Begin PBXResourcesBuildPhase section */
		DFA5148025CFDB8F00C2B3B9 /* Resources */ = {
			isa = PBXResourcesBuildPhase;
			buildActionMask = 2147483647;
			files = (
				DFA514C625CFDD5600C2B3B9 /* ZJRootViewController.xib in Resources */,
				DFA5149225CFDB9000C2B3B9 /* LaunchScreen.storyboard in Resources */,
				DFA514E325CFE8F800C2B3B9 /* WKWebView.html in Resources */,
				DFA514D025CFDE3200C2B3B9 /* ZJWKWebViewController.xib in Resources */,
				DFA5148F25CFDB9000C2B3B9 /* Assets.xcassets in Resources */,
				DFA5148D25CFDB8F00C2B3B9 /* Main.storyboard in Resources */,
			);
			runOnlyForDeploymentPostprocessing = 0;
		};
		DFA5149625CFDB9000C2B3B9 /* Resources */ = {
			isa = PBXResourcesBuildPhase;
			buildActionMask = 2147483647;
			files = (
			);
			runOnlyForDeploymentPostprocessing = 0;
		};
		DFA514A125CFDB9000C2B3B9 /* Resources */ = {
			isa = PBXResourcesBuildPhase;
			buildActionMask = 2147483647;
			files = (
			);
			runOnlyForDeploymentPostprocessing = 0;
		};
/* End PBXResourcesBuildPhase section */

/* Begin PBXSourcesBuildPhase section */
		DFA5147E25CFDB8F00C2B3B9 /* Sources */ = {
			isa = PBXSourcesBuildPhase;
			buildActionMask = 2147483647;
			files = (
				DFA514C525CFDD5600C2B3B9 /* ZJRootViewController.swift in Sources */,
				DFA514CF25CFDE3200C2B3B9 /* ZJWKWebViewController.swift in Sources */,
				DFA514DE25CFE34C00C2B3B9 /* ZJJSBridgeHandlerProtocol.swift in Sources */,
				DFA5148A25CFDB8F00C2B3B9 /* ViewController.swift in Sources */,
				DFA514D625CFE2F300C2B3B9 /* ZJJSBridgeHandler.swift in Sources */,
				DFA5148625CFDB8F00C2B3B9 /* AppDelegate.swift in Sources */,
			);
			runOnlyForDeploymentPostprocessing = 0;
		};
		DFA5149425CFDB9000C2B3B9 /* Sources */ = {
			isa = PBXSourcesBuildPhase;
			buildActionMask = 2147483647;
			files = (
				DFA5149D25CFDB9000C2B3B9 /* WKWebViewUseTests.swift in Sources */,
			);
			runOnlyForDeploymentPostprocessing = 0;
		};
		DFA5149F25CFDB9000C2B3B9 /* Sources */ = {
			isa = PBXSourcesBuildPhase;
			buildActionMask = 2147483647;
			files = (
				DFA514A825CFDB9000C2B3B9 /* WKWebViewUseUITests.swift in Sources */,
			);
			runOnlyForDeploymentPostprocessing = 0;
		};
/* End PBXSourcesBuildPhase section */

/* Begin PBXTargetDependency section */
		DFA5149A25CFDB9000C2B3B9 /* PBXTargetDependency */ = {
			isa = PBXTargetDependency;
			target = DFA5148125CFDB8F00C2B3B9 /* WKWebViewUse */;
			targetProxy = DFA5149925CFDB9000C2B3B9 /* PBXContainerItemProxy */;
		};
		DFA514A525CFDB9000C2B3B9 /* PBXTargetDependency */ = {
			isa = PBXTargetDependency;
			target = DFA5148125CFDB8F00C2B3B9 /* WKWebViewUse */;
			targetProxy = DFA514A425CFDB9000C2B3B9 /* PBXContainerItemProxy */;
		};
/* End PBXTargetDependency section */

/* Begin PBXVariantGroup section */
		DFA5148B25CFDB8F00C2B3B9 /* Main.storyboard */ = {
			isa = PBXVariantGroup;
			children = (
				DFA5148C25CFDB8F00C2B3B9 /* Base */,
			);
			name = Main.storyboard;
			sourceTree = "<group>";
		};
		DFA5149025CFDB9000C2B3B9 /* LaunchScreen.storyboard */ = {
			isa = PBXVariantGroup;
			children = (
				DFA5149125CFDB9000C2B3B9 /* Base */,
			);
			name = LaunchScreen.storyboard;
			sourceTree = "<group>";
		};
/* End PBXVariantGroup section */

/* Begin XCBuildConfiguration section */
		DFA514AA25CFDB9000C2B3B9 /* Debug */ = {
			isa = XCBuildConfiguration;
			buildSettings = {
				ALWAYS_SEARCH_USER_PATHS = NO;
				CLANG_ANALYZER_NONNULL = YES;
				CLANG_ANALYZER_NUMBER_OBJECT_CONVERSION = YES_AGGRESSIVE;
				CLANG_CXX_LANGUAGE_STANDARD = "gnu++14";
				CLANG_CXX_LIBRARY = "libc++";
				CLANG_ENABLE_MODULES = YES;
				CLANG_ENABLE_OBJC_ARC = YES;
				CLANG_ENABLE_OBJC_WEAK = YES;
				CLANG_WARN_BLOCK_CAPTURE_AUTORELEASING = YES;
				CLANG_WARN_BOOL_CONVERSION = YES;
				CLANG_WARN_COMMA = YES;
				CLANG_WARN_CONSTANT_CONVERSION = YES;
				CLANG_WARN_DEPRECATED_OBJC_IMPLEMENTATIONS = YES;
				CLANG_WARN_DIRECT_OBJC_ISA_USAGE = YES_ERROR;
				CLANG_WARN_DOCUMENTATION_COMMENTS = YES;
				CLANG_WARN_EMPTY_BODY = YES;
				CLANG_WARN_ENUM_CONVERSION = YES;
				CLANG_WARN_INFINITE_RECURSION = YES;
				CLANG_WARN_INT_CONVERSION = YES;
				CLANG_WARN_NON_LITERAL_NULL_CONVERSION = YES;
				CLANG_WARN_OBJC_IMPLICIT_RETAIN_SELF = YES;
				CLANG_WARN_OBJC_LITERAL_CONVERSION = YES;
				CLANG_WARN_OBJC_ROOT_CLASS = YES_ERROR;
				CLANG_WARN_QUOTED_INCLUDE_IN_FRAMEWORK_HEADER = YES;
				CLANG_WARN_RANGE_LOOP_ANALYSIS = YES;
				CLANG_WARN_STRICT_PROTOTYPES = YES;
				CLANG_WARN_SUSPICIOUS_MOVE = YES;
				CLANG_WARN_UNGUARDED_AVAILABILITY = YES_AGGRESSIVE;
				CLANG_WARN_UNREACHABLE_CODE = YES;
				CLANG_WARN__DUPLICATE_METHOD_MATCH = YES;
				COPY_PHASE_STRIP = NO;
				DEBUG_INFORMATION_FORMAT = dwarf;
				ENABLE_STRICT_OBJC_MSGSEND = YES;
				ENABLE_TESTABILITY = YES;
				GCC_C_LANGUAGE_STANDARD = gnu11;
				GCC_DYNAMIC_NO_PIC = NO;
				GCC_NO_COMMON_BLOCKS = YES;
				GCC_OPTIMIZATION_LEVEL = 0;
				GCC_PREPROCESSOR_DEFINITIONS = (
					"DEBUG=1",
					"$(inherited)",
				);
				GCC_WARN_64_TO_32_BIT_CONVERSION = YES;
				GCC_WARN_ABOUT_RETURN_TYPE = YES_ERROR;
				GCC_WARN_UNDECLARED_SELECTOR = YES;
				GCC_WARN_UNINITIALIZED_AUTOS = YES_AGGRESSIVE;
				GCC_WARN_UNUSED_FUNCTION = YES;
				GCC_WARN_UNUSED_VARIABLE = YES;
				IPHONEOS_DEPLOYMENT_TARGET = 14.2;
				MTL_ENABLE_DEBUG_INFO = INCLUDE_SOURCE;
				MTL_FAST_MATH = YES;
				ONLY_ACTIVE_ARCH = YES;
				SDKROOT = iphoneos;
				SWIFT_ACTIVE_COMPILATION_CONDITIONS = DEBUG;
				SWIFT_OPTIMIZATION_LEVEL = "-Onone";
			};
			name = Debug;
		};
		DFA514AB25CFDB9000C2B3B9 /* Release */ = {
			isa = XCBuildConfiguration;
			buildSettings = {
				ALWAYS_SEARCH_USER_PATHS = NO;
				CLANG_ANALYZER_NONNULL = YES;
				CLANG_ANALYZER_NUMBER_OBJECT_CONVERSION = YES_AGGRESSIVE;
				CLANG_CXX_LANGUAGE_STANDARD = "gnu++14";
				CLANG_CXX_LIBRARY = "libc++";
				CLANG_ENABLE_MODULES = YES;
				CLANG_ENABLE_OBJC_ARC = YES;
				CLANG_ENABLE_OBJC_WEAK = YES;
				CLANG_WARN_BLOCK_CAPTURE_AUTORELEASING = YES;
				CLANG_WARN_BOOL_CONVERSION = YES;
				CLANG_WARN_COMMA = YES;
				CLANG_WARN_CONSTANT_CONVERSION = YES;
				CLANG_WARN_DEPRECATED_OBJC_IMPLEMENTATIONS = YES;
				CLANG_WARN_DIRECT_OBJC_ISA_USAGE = YES_ERROR;
				CLANG_WARN_DOCUMENTATION_COMMENTS = YES;
				CLANG_WARN_EMPTY_BODY = YES;
				CLANG_WARN_ENUM_CONVERSION = YES;
				CLANG_WARN_INFINITE_RECURSION = YES;
				CLANG_WARN_INT_CONVERSION = YES;
				CLANG_WARN_NON_LITERAL_NULL_CONVERSION = YES;
				CLANG_WARN_OBJC_IMPLICIT_RETAIN_SELF = YES;
				CLANG_WARN_OBJC_LITERAL_CONVERSION = YES;
				CLANG_WARN_OBJC_ROOT_CLASS = YES_ERROR;
				CLANG_WARN_QUOTED_INCLUDE_IN_FRAMEWORK_HEADER = YES;
				CLANG_WARN_RANGE_LOOP_ANALYSIS = YES;
				CLANG_WARN_STRICT_PROTOTYPES = YES;
				CLANG_WARN_SUSPICIOUS_MOVE = YES;
				CLANG_WARN_UNGUARDED_AVAILABILITY = YES_AGGRESSIVE;
				CLANG_WARN_UNREACHABLE_CODE = YES;
				CLANG_WARN__DUPLICATE_METHOD_MATCH = YES;
				COPY_PHASE_STRIP = NO;
				DEBUG_INFORMATION_FORMAT = "dwarf-with-dsym";
				ENABLE_NS_ASSERTIONS = NO;
				ENABLE_STRICT_OBJC_MSGSEND = YES;
				GCC_C_LANGUAGE_STANDARD = gnu11;
				GCC_NO_COMMON_BLOCKS = YES;
				GCC_WARN_64_TO_32_BIT_CONVERSION = YES;
				GCC_WARN_ABOUT_RETURN_TYPE = YES_ERROR;
				GCC_WARN_UNDECLARED_SELECTOR = YES;
				GCC_WARN_UNINITIALIZED_AUTOS = YES_AGGRESSIVE;
				GCC_WARN_UNUSED_FUNCTION = YES;
				GCC_WARN_UNUSED_VARIABLE = YES;
				IPHONEOS_DEPLOYMENT_TARGET = 14.2;
				MTL_ENABLE_DEBUG_INFO = NO;
				MTL_FAST_MATH = YES;
				SDKROOT = iphoneos;
				SWIFT_COMPILATION_MODE = wholemodule;
				SWIFT_OPTIMIZATION_LEVEL = "-O";
				VALIDATE_PRODUCT = YES;
			};
			name = Release;
		};
		DFA514AD25CFDB9000C2B3B9 /* Debug */ = {
			isa = XCBuildConfiguration;
			buildSettings = {
				ASSETCATALOG_COMPILER_APPICON_NAME = AppIcon;
				ASSETCATALOG_COMPILER_GLOBAL_ACCENT_COLOR_NAME = AccentColor;
				CODE_SIGN_STYLE = Automatic;
				DEVELOPMENT_TEAM = 22L8F5N2ZA;
				INFOPLIST_FILE = WKWebViewUse/Info.plist;
				IPHONEOS_DEPLOYMENT_TARGET = 11.0;
				LD_RUNPATH_SEARCH_PATHS = (
					"$(inherited)",
					"@executable_path/Frameworks",
				);
				PRODUCT_BUNDLE_IDENTIFIER = com.freshmancode.wkwebview.WKWebViewUse;
				PRODUCT_NAME = "$(TARGET_NAME)";
				SWIFT_VERSION = 5.0;
				TARGETED_DEVICE_FAMILY = "1,2";
			};
			name = Debug;
		};
		DFA514AE25CFDB9000C2B3B9 /* Release */ = {
			isa = XCBuildConfiguration;
			buildSettings = {
				ASSETCATALOG_COMPILER_APPICON_NAME = AppIcon;
				ASSETCATALOG_COMPILER_GLOBAL_ACCENT_COLOR_NAME = AccentColor;
				CODE_SIGN_STYLE = Automatic;
				DEVELOPMENT_TEAM = 22L8F5N2ZA;
				INFOPLIST_FILE = WKWebViewUse/Info.plist;
				IPHONEOS_DEPLOYMENT_TARGET = 11.0;
				LD_RUNPATH_SEARCH_PATHS = (
					"$(inherited)",
					"@executable_path/Frameworks",
				);
				PRODUCT_BUNDLE_IDENTIFIER = com.freshmancode.wkwebview.WKWebViewUse;
				PRODUCT_NAME = "$(TARGET_NAME)";
				SWIFT_VERSION = 5.0;
				TARGETED_DEVICE_FAMILY = "1,2";
			};
			name = Release;
		};
		DFA514B025CFDB9000C2B3B9 /* Debug */ = {
			isa = XCBuildConfiguration;
			buildSettings = {
				ALWAYS_EMBED_SWIFT_STANDARD_LIBRARIES = YES;
				BUNDLE_LOADER = "$(TEST_HOST)";
				CODE_SIGN_STYLE = Automatic;
				DEVELOPMENT_TEAM = 22L8F5N2ZA;
				INFOPLIST_FILE = WKWebViewUseTests/Info.plist;
				IPHONEOS_DEPLOYMENT_TARGET = 14.2;
				LD_RUNPATH_SEARCH_PATHS = (
					"$(inherited)",
					"@executable_path/Frameworks",
					"@loader_path/Frameworks",
				);
				PRODUCT_BUNDLE_IDENTIFIER = com.freshmancode.wkwebview.WKWebViewUseTests;
				PRODUCT_NAME = "$(TARGET_NAME)";
				SWIFT_VERSION = 5.0;
				TARGETED_DEVICE_FAMILY = "1,2";
				TEST_HOST = "$(BUILT_PRODUCTS_DIR)/WKWebViewUse.app/WKWebViewUse";
			};
			name = Debug;
		};
		DFA514B125CFDB9000C2B3B9 /* Release */ = {
			isa = XCBuildConfiguration;
			buildSettings = {
				ALWAYS_EMBED_SWIFT_STANDARD_LIBRARIES = YES;
				BUNDLE_LOADER = "$(TEST_HOST)";
				CODE_SIGN_STYLE = Automatic;
				DEVELOPMENT_TEAM = 22L8F5N2ZA;
				INFOPLIST_FILE = WKWebViewUseTests/Info.plist;
				IPHONEOS_DEPLOYMENT_TARGET = 14.2;
				LD_RUNPATH_SEARCH_PATHS = (
					"$(inherited)",
					"@executable_path/Frameworks",
					"@loader_path/Frameworks",
				);
				PRODUCT_BUNDLE_IDENTIFIER = com.freshmancode.wkwebview.WKWebViewUseTests;
				PRODUCT_NAME = "$(TARGET_NAME)";
				SWIFT_VERSION = 5.0;
				TARGETED_DEVICE_FAMILY = "1,2";
				TEST_HOST = "$(BUILT_PRODUCTS_DIR)/WKWebViewUse.app/WKWebViewUse";
			};
			name = Release;
		};
		DFA514B325CFDB9000C2B3B9 /* Debug */ = {
			isa = XCBuildConfiguration;
			buildSettings = {
				ALWAYS_EMBED_SWIFT_STANDARD_LIBRARIES = YES;
				CODE_SIGN_STYLE = Automatic;
				DEVELOPMENT_TEAM = 22L8F5N2ZA;
				INFOPLIST_FILE = WKWebViewUseUITests/Info.plist;
				LD_RUNPATH_SEARCH_PATHS = (
					"$(inherited)",
					"@executable_path/Frameworks",
					"@loader_path/Frameworks",
				);
				PRODUCT_BUNDLE_IDENTIFIER = com.freshmancode.wkwebview.WKWebViewUseUITests;
				PRODUCT_NAME = "$(TARGET_NAME)";
				SWIFT_VERSION = 5.0;
				TARGETED_DEVICE_FAMILY = "1,2";
				TEST_TARGET_NAME = WKWebViewUse;
			};
			name = Debug;
		};
		DFA514B425CFDB9000C2B3B9 /* Release */ = {
			isa = XCBuildConfiguration;
			buildSettings = {
				ALWAYS_EMBED_SWIFT_STANDARD_LIBRARIES = YES;
				CODE_SIGN_STYLE = Automatic;
				DEVELOPMENT_TEAM = 22L8F5N2ZA;
				INFOPLIST_FILE = WKWebViewUseUITests/Info.plist;
				LD_RUNPATH_SEARCH_PATHS = (
					"$(inherited)",
					"@executable_path/Frameworks",
					"@loader_path/Frameworks",
				);
				PRODUCT_BUNDLE_IDENTIFIER = com.freshmancode.wkwebview.WKWebViewUseUITests;
				PRODUCT_NAME = "$(TARGET_NAME)";
				SWIFT_VERSION = 5.0;
				TARGETED_DEVICE_FAMILY = "1,2";
				TEST_TARGET_NAME = WKWebViewUse;
			};
			name = Release;
		};
/* End XCBuildConfiguration section */

/* Begin XCConfigurationList section */
		DFA5147D25CFDB8F00C2B3B9 /* Build configuration list for PBXProject "WKWebViewUse" */ = {
			isa = XCConfigurationList;
			buildConfigurations = (
				DFA514AA25CFDB9000C2B3B9 /* Debug */,
				DFA514AB25CFDB9000C2B3B9 /* Release */,
			);
			defaultConfigurationIsVisible = 0;
			defaultConfigurationName = Release;
		};
		DFA514AC25CFDB9000C2B3B9 /* Build configuration list for PBXNativeTarget "WKWebViewUse" */ = {
			isa = XCConfigurationList;
			buildConfigurations = (
				DFA514AD25CFDB9000C2B3B9 /* Debug */,
				DFA514AE25CFDB9000C2B3B9 /* Release */,
			);
			defaultConfigurationIsVisible = 0;
			defaultConfigurationName = Release;
		};
		DFA514AF25CFDB9000C2B3B9 /* Build configuration list for PBXNativeTarget "WKWebViewUseTests" */ = {
			isa = XCConfigurationList;
			buildConfigurations = (
				DFA514B025CFDB9000C2B3B9 /* Debug */,
				DFA514B125CFDB9000C2B3B9 /* Release */,
			);
			defaultConfigurationIsVisible = 0;
			defaultConfigurationName = Release;
		};
		DFA514B225CFDB9000C2B3B9 /* Build configuration list for PBXNativeTarget "WKWebViewUseUITests" */ = {
			isa = XCConfigurationList;
			buildConfigurations = (
				DFA514B325CFDB9000C2B3B9 /* Debug */,
				DFA514B425CFDB9000C2B3B9 /* Release */,
			);
			defaultConfigurationIsVisible = 0;
			defaultConfigurationName = Release;
		};
/* End XCConfigurationList section */
	};
	rootObject = DFA5147A25CFDB8F00C2B3B9 /* Project object */;
}
